// !$*UTF8*$!
{
	archiveVersion = 1;
	classes = {
	};
	objectVersion = 46;
	objects = {

/* Begin PBXBuildFile section */
		B13758371B1D154300050AA1 /* AppDelegate.swift in Sources */ = {isa = PBXBuildFile; fileRef = B13758361B1D154300050AA1 /* AppDelegate.swift */; };
		B13758391B1D154400050AA1 /* MasterViewController.swift in Sources */ = {isa = PBXBuildFile; fileRef = B13758381B1D154400050AA1 /* MasterViewController.swift */; };
		B137583B1B1D154400050AA1 /* DetailViewController.swift in Sources */ = {isa = PBXBuildFile; fileRef = B137583A1B1D154400050AA1 /* DetailViewController.swift */; };
		B137583E1B1D154400050AA1 /* Main.storyboard in Resources */ = {isa = PBXBuildFile; fileRef = B137583C1B1D154400050AA1 /* Main.storyboard */; };
		B13758401B1D154400050AA1 /* Images.xcassets in Resources */ = {isa = PBXBuildFile; fileRef = B137583F1B1D154400050AA1 /* Images.xcassets */; };
		B13758431B1D154400050AA1 /* LaunchScreen.xib in Resources */ = {isa = PBXBuildFile; fileRef = B13758411B1D154400050AA1 /* LaunchScreen.xib */; };
		B13AE2461B2CDB0D00F9B7A2 /* MyTeamsViewController.swift in Sources */ = {isa = PBXBuildFile; fileRef = B13AE2451B2CDB0D00F9B7A2 /* MyTeamsViewController.swift */; };
		B13AE2481B2CDBD000F9B7A2 /* Team.swift in Sources */ = {isa = PBXBuildFile; fileRef = B13AE2471B2CDBD000F9B7A2 /* Team.swift */; };
		B13AE24A1B2CE08700F9B7A2 /* SampleData.swift in Sources */ = {isa = PBXBuildFile; fileRef = B13AE2491B2CE08700F9B7A2 /* SampleData.swift */; };
		B13AE24C1B2D027400F9B7A2 /* SeasonsViewController.swift in Sources */ = {isa = PBXBuildFile; fileRef = B13AE24B1B2D027400F9B7A2 /* SeasonsViewController.swift */; };
		B17D55C91B2E1A4E00AA9B58 /* SchoolsViewController.swift in Sources */ = {isa = PBXBuildFile; fileRef = B17D55C81B2E1A4E00AA9B58 /* SchoolsViewController.swift */; };
		B17D55CB1B2E21CD00AA9B58 /* TeamsViewController.swift in Sources */ = {isa = PBXBuildFile; fileRef = B17D55CA1B2E21CD00AA9B58 /* TeamsViewController.swift */; };
		B17D55CD1B2E26F500AA9B58 /* SelectionViewController.swift in Sources */ = {isa = PBXBuildFile; fileRef = B17D55CC1B2E26F500AA9B58 /* SelectionViewController.swift */; };
		B17D55D11B2F9FE500AA9B58 /* iTunesArtwork.png in Resources */ = {isa = PBXBuildFile; fileRef = B17D55CF1B2F9FE500AA9B58 /* iTunesArtwork.png */; };
		B17D55D21B2F9FE500AA9B58 /* iTunesArtwork@2x.png in Resources */ = {isa = PBXBuildFile; fileRef = B17D55D01B2F9FE500AA9B58 /* iTunesArtwork@2x.png */; };
/* End PBXBuildFile section */

/* Begin PBXContainerItemProxy section */
		B13758491B1D154400050AA1 /* PBXContainerItemProxy */ = {
			isa = PBXContainerItemProxy;
			containerPortal = B13758291B1D154300050AA1 /* Project object */;
			proxyType = 1;
			remoteGlobalIDString = B13758301B1D154300050AA1;
			remoteInfo = cycschedule;
		};
/* End PBXContainerItemProxy section */

/* Begin PBXFileReference section */
		B13758311B1D154300050AA1 /* cycschedule.app */ = {isa = PBXFileReference; explicitFileType = wrapper.application; includeInIndex = 0; path = cycschedule.app; sourceTree = BUILT_PRODUCTS_DIR; };
		B13758351B1D154300050AA1 /* Info.plist */ = {isa = PBXFileReference; lastKnownFileType = text.plist.xml; path = Info.plist; sourceTree = "<group>"; };
		B13758361B1D154300050AA1 /* AppDelegate.swift */ = {isa = PBXFileReference; lastKnownFileType = sourcecode.swift; path = AppDelegate.swift; sourceTree = "<group>"; };
		B13758381B1D154400050AA1 /* MasterViewController.swift */ = {isa = PBXFileReference; lastKnownFileType = sourcecode.swift; path = MasterViewController.swift; sourceTree = "<group>"; };
		B137583A1B1D154400050AA1 /* DetailViewController.swift */ = {isa = PBXFileReference; lastKnownFileType = sourcecode.swift; path = DetailViewController.swift; sourceTree = "<group>"; };
		B137583D1B1D154400050AA1 /* Base */ = {isa = PBXFileReference; lastKnownFileType = file.storyboard; name = Base; path = Base.lproj/Main.storyboard; sourceTree = "<group>"; };
		B137583F1B1D154400050AA1 /* Images.xcassets */ = {isa = PBXFileReference; lastKnownFileType = folder.assetcatalog; path = Images.xcassets; sourceTree = "<group>"; };
		B13758421B1D154400050AA1 /* Base */ = {isa = PBXFileReference; lastKnownFileType = file.xib; name = Base; path = Base.lproj/LaunchScreen.xib; sourceTree = "<group>"; };
		B13758481B1D154400050AA1 /* cycscheduleTests.xctest */ = {isa = PBXFileReference; explicitFileType = wrapper.cfbundle; includeInIndex = 0; path = cycscheduleTests.xctest; sourceTree = BUILT_PRODUCTS_DIR; };
		B137584D1B1D154400050AA1 /* Info.plist */ = {isa = PBXFileReference; lastKnownFileType = text.plist.xml; path = Info.plist; sourceTree = "<group>"; };
		B13AE2451B2CDB0D00F9B7A2 /* MyTeamsViewController.swift */ = {isa = PBXFileReference; fileEncoding = 4; lastKnownFileType = sourcecode.swift; path = MyTeamsViewController.swift; sourceTree = "<group>"; };
		B13AE2471B2CDBD000F9B7A2 /* Team.swift */ = {isa = PBXFileReference; fileEncoding = 4; lastKnownFileType = sourcecode.swift; path = Team.swift; sourceTree = "<group>"; };
		B13AE2491B2CE08700F9B7A2 /* SampleData.swift */ = {isa = PBXFileReference; fileEncoding = 4; lastKnownFileType = sourcecode.swift; path = SampleData.swift; sourceTree = "<group>"; };
		B13AE24B1B2D027400F9B7A2 /* SeasonsViewController.swift */ = {isa = PBXFileReference; fileEncoding = 4; lastKnownFileType = sourcecode.swift; path = SeasonsViewController.swift; sourceTree = "<group>"; };
		B17D55C81B2E1A4E00AA9B58 /* SchoolsViewController.swift */ = {isa = PBXFileReference; fileEncoding = 4; lastKnownFileType = sourcecode.swift; path = SchoolsViewController.swift; sourceTree = "<group>"; };
		B17D55CA1B2E21CD00AA9B58 /* TeamsViewController.swift */ = {isa = PBXFileReference; fileEncoding = 4; lastKnownFileType = sourcecode.swift; path = TeamsViewController.swift; sourceTree = "<group>"; };
		B17D55CC1B2E26F500AA9B58 /* SelectionViewController.swift */ = {isa = PBXFileReference; fileEncoding = 4; lastKnownFileType = sourcecode.swift; path = SelectionViewController.swift; sourceTree = "<group>"; };
		B17D55CF1B2F9FE500AA9B58 /* iTunesArtwork.png */ = {isa = PBXFileReference; lastKnownFileType = image.png; path = iTunesArtwork.png; sourceTree = "<group>"; };
		B17D55D01B2F9FE500AA9B58 /* iTunesArtwork@2x.png */ = {isa = PBXFileReference; lastKnownFileType = image.png; path = "iTunesArtwork@2x.png"; sourceTree = "<group>"; };
/* End PBXFileReference section */

/* Begin PBXFrameworksBuildPhase section */
		B137582E1B1D154300050AA1 /* Frameworks */ = {
			isa = PBXFrameworksBuildPhase;
			buildActionMask = 2147483647;
			files = (
			);
			runOnlyForDeploymentPostprocessing = 0;
		};
		B13758451B1D154400050AA1 /* Frameworks */ = {
			isa = PBXFrameworksBuildPhase;
			buildActionMask = 2147483647;
			files = (
			);
			runOnlyForDeploymentPostprocessing = 0;
		};
/* End PBXFrameworksBuildPhase section */

/* Begin PBXGroup section */
		B13758281B1D154300050AA1 = {
			isa = PBXGroup;
			children = (
				B13758331B1D154300050AA1 /* cycschedule */,
				B137584B1B1D154400050AA1 /* cycscheduleTests */,
				B13758321B1D154300050AA1 /* Products */,
			);
			sourceTree = "<group>";
		};
		B13758321B1D154300050AA1 /* Products */ = {
			isa = PBXGroup;
			children = (
				B13758311B1D154300050AA1 /* cycschedule.app */,
				B13758481B1D154400050AA1 /* cycscheduleTests.xctest */,
			);
			name = Products;
			sourceTree = "<group>";
		};
		B13758331B1D154300050AA1 /* cycschedule */ = {
			isa = PBXGroup;
			children = (
				B17D55CE1B2F9FBC00AA9B58 /* Resources */,
				B13758361B1D154300050AA1 /* AppDelegate.swift */,
				B13758381B1D154400050AA1 /* MasterViewController.swift */,
				B137583A1B1D154400050AA1 /* DetailViewController.swift */,
				B137583C1B1D154400050AA1 /* Main.storyboard */,
				B137583F1B1D154400050AA1 /* Images.xcassets */,
				B13758411B1D154400050AA1 /* LaunchScreen.xib */,
				B13758341B1D154300050AA1 /* Supporting Files */,
				B13AE2451B2CDB0D00F9B7A2 /* MyTeamsViewController.swift */,
				B13AE2471B2CDBD000F9B7A2 /* Team.swift */,
				B13AE2491B2CE08700F9B7A2 /* SampleData.swift */,
				B13AE24B1B2D027400F9B7A2 /* SeasonsViewController.swift */,
				B17D55C81B2E1A4E00AA9B58 /* SchoolsViewController.swift */,
				B17D55CA1B2E21CD00AA9B58 /* TeamsViewController.swift */,
				B17D55CC1B2E26F500AA9B58 /* SelectionViewController.swift */,
			);
			path = cycschedule;
			sourceTree = "<group>";
		};
		B13758341B1D154300050AA1 /* Supporting Files */ = {
			isa = PBXGroup;
			children = (
				B13758351B1D154300050AA1 /* Info.plist */,
			);
			name = "Supporting Files";
			sourceTree = "<group>";
		};
		B137584B1B1D154400050AA1 /* cycscheduleTests */ = {
			isa = PBXGroup;
			children = (
				B137584C1B1D154400050AA1 /* Supporting Files */,
			);
			path = cycscheduleTests;
			sourceTree = "<group>";
		};
		B137584C1B1D154400050AA1 /* Supporting Files */ = {
			isa = PBXGroup;
			children = (
				B137584D1B1D154400050AA1 /* Info.plist */,
			);
			name = "Supporting Files";
			sourceTree = "<group>";
		};
		B17D55CE1B2F9FBC00AA9B58 /* Resources */ = {
			isa = PBXGroup;
			children = (
				B17D55CF1B2F9FE500AA9B58 /* iTunesArtwork.png */,
				B17D55D01B2F9FE500AA9B58 /* iTunesArtwork@2x.png */,
			);
			name = Resources;
			sourceTree = "<group>";
		};
/* End PBXGroup section */

/* Begin PBXNativeTarget section */
		B13758301B1D154300050AA1 /* cycschedule */ = {
			isa = PBXNativeTarget;
			buildConfigurationList = B13758521B1D154400050AA1 /* Build configuration list for PBXNativeTarget "cycschedule" */;
			buildPhases = (
				B137582D1B1D154300050AA1 /* Sources */,
				B137582E1B1D154300050AA1 /* Frameworks */,
				B137582F1B1D154300050AA1 /* Resources */,
			);
			buildRules = (
			);
			dependencies = (
			);
			name = cycschedule;
			productName = cycschedule;
			productReference = B13758311B1D154300050AA1 /* cycschedule.app */;
			productType = "com.apple.product-type.application";
		};
		B13758471B1D154400050AA1 /* cycscheduleTests */ = {
			isa = PBXNativeTarget;
			buildConfigurationList = B13758551B1D154400050AA1 /* Build configuration list for PBXNativeTarget "cycscheduleTests" */;
			buildPhases = (
				B13758441B1D154400050AA1 /* Sources */,
				B13758451B1D154400050AA1 /* Frameworks */,
				B13758461B1D154400050AA1 /* Resources */,
			);
			buildRules = (
			);
			dependencies = (
				B137584A1B1D154400050AA1 /* PBXTargetDependency */,
			);
			name = cycscheduleTests;
			productName = cycscheduleTests;
			productReference = B13758481B1D154400050AA1 /* cycscheduleTests.xctest */;
			productType = "com.apple.product-type.bundle.unit-test";
		};
/* End PBXNativeTarget section */

/* Begin PBXProject section */
		B13758291B1D154300050AA1 /* Project object */ = {
			isa = PBXProject;
			attributes = {
				LastUpgradeCheck = 0630;
				ORGANIZATIONNAME = "9 Principles";
				TargetAttributes = {
					B13758301B1D154300050AA1 = {
						CreatedOnToolsVersion = 6.3.2;
						DevelopmentTeam = 39Y9EZEHX4;
					};
					B13758471B1D154400050AA1 = {
						CreatedOnToolsVersion = 6.3.2;
						TestTargetID = B13758301B1D154300050AA1;
					};
				};
			};
			buildConfigurationList = B137582C1B1D154300050AA1 /* Build configuration list for PBXProject "cycschedule" */;
			compatibilityVersion = "Xcode 3.2";
			developmentRegion = English;
			hasScannedForEncodings = 0;
			knownRegions = (
				en,
				Base,
			);
			mainGroup = B13758281B1D154300050AA1;
			productRefGroup = B13758321B1D154300050AA1 /* Products */;
			projectDirPath = "";
			projectRoot = "";
			targets = (
				B13758301B1D154300050AA1 /* cycschedule */,
				B13758471B1D154400050AA1 /* cycscheduleTests */,
			);
		};
/* End PBXProject section */

/* Begin PBXResourcesBuildPhase section */
		B137582F1B1D154300050AA1 /* Resources */ = {
			isa = PBXResourcesBuildPhase;
			buildActionMask = 2147483647;
			files = (
				B137583E1B1D154400050AA1 /* Main.storyboard in Resources */,
				B17D55D21B2F9FE500AA9B58 /* iTunesArtwork@2x.png in Resources */,
				B13758431B1D154400050AA1 /* LaunchScreen.xib in Resources */,
				B17D55D11B2F9FE500AA9B58 /* iTunesArtwork.png in Resources */,
				B13758401B1D154400050AA1 /* Images.xcassets in Resources */,
			);
			runOnlyForDeploymentPostprocessing = 0;
		};
		B13758461B1D154400050AA1 /* Resources */ = {
			isa = PBXResourcesBuildPhase;
			buildActionMask = 2147483647;
			files = (
			);
			runOnlyForDeploymentPostprocessing = 0;
		};
/* End PBXResourcesBuildPhase section */

/* Begin PBXSourcesBuildPhase section */
		B137582D1B1D154300050AA1 /* Sources */ = {
			isa = PBXSourcesBuildPhase;
			buildActionMask = 2147483647;
			files = (
				B17D55C91B2E1A4E00AA9B58 /* SchoolsViewController.swift in Sources */,
				B137583B1B1D154400050AA1 /* DetailViewController.swift in Sources */,
				B13AE24C1B2D027400F9B7A2 /* SeasonsViewController.swift in Sources */,
				B13AE24A1B2CE08700F9B7A2 /* SampleData.swift in Sources */,
				B13AE2461B2CDB0D00F9B7A2 /* MyTeamsViewController.swift in Sources */,
				B17D55CD1B2E26F500AA9B58 /* SelectionViewController.swift in Sources */,
				B13758391B1D154400050AA1 /* MasterViewController.swift in Sources */,
				B13AE2481B2CDBD000F9B7A2 /* Team.swift in Sources */,
				B17D55CB1B2E21CD00AA9B58 /* TeamsViewController.swift in Sources */,
				B13758371B1D154300050AA1 /* AppDelegate.swift in Sources */,
			);
			runOnlyForDeploymentPostprocessing = 0;
		};
		B13758441B1D154400050AA1 /* Sources */ = {
			isa = PBXSourcesBuildPhase;
			buildActionMask = 2147483647;
			files = (
			);
			runOnlyForDeploymentPostprocessing = 0;
		};
/* End PBXSourcesBuildPhase section */

/* Begin PBXTargetDependency section */
		B137584A1B1D154400050AA1 /* PBXTargetDependency */ = {
			isa = PBXTargetDependency;
			target = B13758301B1D154300050AA1 /* cycschedule */;
			targetProxy = B13758491B1D154400050AA1 /* PBXContainerItemProxy */;
		};
/* End PBXTargetDependency section */

/* Begin PBXVariantGroup section */
		B137583C1B1D154400050AA1 /* Main.storyboard */ = {
			isa = PBXVariantGroup;
			children = (
				B137583D1B1D154400050AA1 /* Base */,
			);
			name = Main.storyboard;
			sourceTree = "<group>";
		};
		B13758411B1D154400050AA1 /* LaunchScreen.xib */ = {
			isa = PBXVariantGroup;
			children = (
				B13758421B1D154400050AA1 /* Base */,
			);
			name = LaunchScreen.xib;
			sourceTree = "<group>";
		};
/* End PBXVariantGroup section */

/* Begin XCBuildConfiguration section */
		B13758501B1D154400050AA1 /* Debug */ = {
			isa = XCBuildConfiguration;
			buildSettings = {
				ALWAYS_SEARCH_USER_PATHS = NO;
				CLANG_CXX_LANGUAGE_STANDARD = "gnu++0x";
				CLANG_CXX_LIBRARY = "libc++";
				CLANG_ENABLE_MODULES = YES;
				CLANG_ENABLE_OBJC_ARC = YES;
				CLANG_WARN_BOOL_CONVERSION = YES;
				CLANG_WARN_CONSTANT_CONVERSION = YES;
				CLANG_WARN_DIRECT_OBJC_ISA_USAGE = YES_ERROR;
				CLANG_WARN_EMPTY_BODY = YES;
				CLANG_WARN_ENUM_CONVERSION = YES;
				CLANG_WARN_INT_CONVERSION = YES;
				CLANG_WARN_OBJC_ROOT_CLASS = YES_ERROR;
				CLANG_WARN_UNREACHABLE_CODE = YES;
				CLANG_WARN__DUPLICATE_METHOD_MATCH = YES;
				"CODE_SIGN_IDENTITY[sdk=iphoneos*]" = "iPhone Developer";
				COPY_PHASE_STRIP = NO;
				DEBUG_INFORMATION_FORMAT = "dwarf-with-dsym";
				ENABLE_STRICT_OBJC_MSGSEND = YES;
				GCC_C_LANGUAGE_STANDARD = gnu99;
				GCC_DYNAMIC_NO_PIC = NO;
				GCC_NO_COMMON_BLOCKS = YES;
				GCC_OPTIMIZATION_LEVEL = 0;
				GCC_PREPROCESSOR_DEFINITIONS = (
					"DEBUG=1",
					"$(inherited)",
				);
				GCC_SYMBOLS_PRIVATE_EXTERN = NO;
				GCC_WARN_64_TO_32_BIT_CONVERSION = YES;
				GCC_WARN_ABOUT_RETURN_TYPE = YES_ERROR;
				GCC_WARN_UNDECLARED_SELECTOR = YES;
				GCC_WARN_UNINITIALIZED_AUTOS = YES_AGGRESSIVE;
				GCC_WARN_UNUSED_FUNCTION = YES;
				GCC_WARN_UNUSED_VARIABLE = YES;
				IPHONEOS_DEPLOYMENT_TARGET = 8.3;
				MTL_ENABLE_DEBUG_INFO = YES;
				ONLY_ACTIVE_ARCH = YES;
				SDKROOT = iphoneos;
				SWIFT_OPTIMIZATION_LEVEL = "-Onone";
				TARGETED_DEVICE_FAMILY = "1,2";
			};
			name = Debug;
		};
		B13758511B1D154400050AA1 /* Release */ = {
			isa = XCBuildConfiguration;
			buildSettings = {
				ALWAYS_SEARCH_USER_PATHS = NO;
				CLANG_CXX_LANGUAGE_STANDARD = "gnu++0x";
				CLANG_CXX_LIBRARY = "libc++";
				CLANG_ENABLE_MODULES = YES;
				CLANG_ENABLE_OBJC_ARC = YES;
				CLANG_WARN_BOOL_CONVERSION = YES;
				CLANG_WARN_CONSTANT_CONVERSION = YES;
				CLANG_WARN_DIRECT_OBJC_ISA_USAGE = YES_ERROR;
				CLANG_WARN_EMPTY_BODY = YES;
				CLANG_WARN_ENUM_CONVERSION = YES;
				CLANG_WARN_INT_CONVERSION = YES;
				CLANG_WARN_OBJC_ROOT_CLASS = YES_ERROR;
				CLANG_WARN_UNREACHABLE_CODE = YES;
				CLANG_WARN__DUPLICATE_METHOD_MATCH = YES;
				"CODE_SIGN_IDENTITY[sdk=iphoneos*]" = "iPhone Developer";
				COPY_PHASE_STRIP = NO;
				DEBUG_INFORMATION_FORMAT = "dwarf-with-dsym";
				ENABLE_NS_ASSERTIONS = NO;
				ENABLE_STRICT_OBJC_MSGSEND = YES;
				GCC_C_LANGUAGE_STANDARD = gnu99;
				GCC_NO_COMMON_BLOCKS = YES;
				GCC_WARN_64_TO_32_BIT_CONVERSION = YES;
				GCC_WARN_ABOUT_RETURN_TYPE = YES_ERROR;
				GCC_WARN_UNDECLARED_SELECTOR = YES;
				GCC_WARN_UNINITIALIZED_AUTOS = YES_AGGRESSIVE;
				GCC_WARN_UNUSED_FUNCTION = YES;
				GCC_WARN_UNUSED_VARIABLE = YES;
				IPHONEOS_DEPLOYMENT_TARGET = 8.3;
				MTL_ENABLE_DEBUG_INFO = NO;
				SDKROOT = iphoneos;
				TARGETED_DEVICE_FAMILY = "1,2";
				VALIDATE_PRODUCT = YES;
			};
			name = Release;
		};
		B13758531B1D154400050AA1 /* Debug */ = {
			isa = XCBuildConfiguration;
			buildSettings = {
				ASSETCATALOG_COMPILER_APPICON_NAME = AppIcon;
				CODE_SIGN_IDENTITY = "iPhone Developer";
				"CODE_SIGN_IDENTITY[sdk=iphoneos*]" = "iPhone Developer";
				INFOPLIST_FILE = cycschedule/Info.plist;
				LD_RUNPATH_SEARCH_PATHS = "$(inherited) @executable_path/Frameworks";
				PRODUCT_NAME = "$(TARGET_NAME)";
				PROVISIONING_PROFILE = "";
			};
			name = Debug;
		};
		B13758541B1D154400050AA1 /* Release */ = {
			isa = XCBuildConfiguration;
			buildSettings = {
				ASSETCATALOG_COMPILER_APPICON_NAME = AppIcon;
				CODE_SIGN_IDENTITY = "iPhone Developer";
				"CODE_SIGN_IDENTITY[sdk=iphoneos*]" = "iPhone Developer";
				INFOPLIST_FILE = cycschedule/Info.plist;
				LD_RUNPATH_SEARCH_PATHS = "$(inherited) @executable_path/Frameworks";
				PRODUCT_NAME = "$(TARGET_NAME)";
				PROVISIONING_PROFILE = "";
			};
			name = Release;
		};
		B13758561B1D154400050AA1 /* Debug */ = {
			isa = XCBuildConfiguration;
			buildSettings = {
				BUNDLE_LOADER = "$(TEST_HOST)";
				FRAMEWORK_SEARCH_PATHS = (
					"$(SDKROOT)/Developer/Library/Frameworks",
					"$(inherited)",
				);
				GCC_PREPROCESSOR_DEFINITIONS = (
					"DEBUG=1",
					"$(inherited)",
				);
				INFOPLIST_FILE = cycscheduleTests/Info.plist;
				LD_RUNPATH_SEARCH_PATHS = "$(inherited) @executable_path/Frameworks @loader_path/Frameworks";
				PRODUCT_NAME = "$(TARGET_NAME)";
				TEST_HOST = "$(BUILT_PRODUCTS_DIR)/cycschedule.app/cycschedule";
			};
			name = Debug;
		};
		B13758571B1D154400050AA1 /* Release */ = {
			isa = XCBuildConfiguration;
			buildSettings = {
				BUNDLE_LOADER = "$(TEST_HOST)";
				FRAMEWORK_SEARCH_PATHS = (
					"$(SDKROOT)/Developer/Library/Frameworks",
					"$(inherited)",
				);
				INFOPLIST_FILE = cycscheduleTests/Info.plist;
				LD_RUNPATH_SEARCH_PATHS = "$(inherited) @executable_path/Frameworks @loader_path/Frameworks";
				PRODUCT_NAME = "$(TARGET_NAME)";
				TEST_HOST = "$(BUILT_PRODUCTS_DIR)/cycschedule.app/cycschedule";
			};
			name = Release;
		};
/* End XCBuildConfiguration section */

/* Begin XCConfigurationList section */
		B137582C1B1D154300050AA1 /* Build configuration list for PBXProject "cycschedule" */ = {
			isa = XCConfigurationList;
			buildConfigurations = (
				B13758501B1D154400050AA1 /* Debug */,
				B13758511B1D154400050AA1 /* Release */,
			);
			defaultConfigurationIsVisible = 0;
			defaultConfigurationName = Release;
		};
		B13758521B1D154400050AA1 /* Build configuration list for PBXNativeTarget "cycschedule" */ = {
			isa = XCConfigurationList;
			buildConfigurations = (
				B13758531B1D154400050AA1 /* Debug */,
				B13758541B1D154400050AA1 /* Release */,
			);
			defaultConfigurationIsVisible = 0;
			defaultConfigurationName = Release;
		};
		B13758551B1D154400050AA1 /* Build configuration list for PBXNativeTarget "cycscheduleTests" */ = {
			isa = XCConfigurationList;
			buildConfigurations = (
				B13758561B1D154400050AA1 /* Debug */,
				B13758571B1D154400050AA1 /* Release */,
			);
			defaultConfigurationIsVisible = 0;
			defaultConfigurationName = Release;
		};
/* End XCConfigurationList section */
	};
	rootObject = B13758291B1D154300050AA1 /* Project object */;
}
